
Microsoft Visual Studio Solution File, Format Version 12.00
# Visual Studio 2012
Project("{FAE04EC0-301F-11D3-BF4B-00C04F79EFBC}") = "PFAST Service", "PFAST Service\PFAST Service.csproj", "{28A3EA63-7DE6-4D06-B05F-729F8EF675F6}"
EndProject
Global
	GlobalSection(SolutionConfigurationPlatforms) = preSolution
		Debug|Any CPU = Debug|Any CPU
		Release|Any CPU = Release|Any CPU
	EndGlobalSection
	GlobalSection(ProjectConfigurationPlatforms) = postSolution
		{28A3EA63-7DE6-4D06-B05F-729F8EF675F6}.Debug|Any CPU.ActiveCfg = Debug|Any CPU
		{28A3EA63-7DE6-4D06-B05F-729F8EF675F6}.Debug|Any CPU.Build.0 = Debug|Any CPU
		{28A3EA63-7DE6-4D06-B05F-729F8EF675F6}.Release|Any CPU.ActiveCfg = Release|Any CPU
		{28A3EA63-7DE6-4D06-B05F-729F8EF675F6}.Release|Any CPU.Build.0 = Release|Any CPU
	EndGlobalSection
	GlobalSection(SolutionProperties) = preSolution
		HideSolutionNode = FALSE
	EndGlobalSection
EndGlobal
